// !$*UTF8*$!
{
	archiveVersion = 1;
	classes = {
	};
	objectVersion = 46;
	objects = {

/* Begin PBXBuildFile section */
		5B1189B917C0AF0700CACF5A /* SensorValue.m in Sources */ = {isa = PBXBuildFile; fileRef = 5B1189B817C0AF0700CACF5A /* SensorValue.m */; };
		5B1189BC17C12FC000CACF5A /* MXi.framework in Frameworks */ = {isa = PBXBuildFile; fileRef = 5B1189BA17C12AC900CACF5A /* MXi.framework */; };
		5B1A01E717BE7A6900CC7011 /* LogFileWriter.m in Sources */ = {isa = PBXBuildFile; fileRef = 5B1A01E617BE7A6900CC7011 /* LogFileWriter.m */; };
		5B6AAB5617BE6B6E0086A510 /* DelegateSensorValues.m in Sources */ = {isa = PBXBuildFile; fileRef = 5B6AAB4B17BE6B6E0086A510 /* DelegateSensorValues.m */; };
		5B6AAB5717BE6B6E0086A510 /* PublishSensorValues.m in Sources */ = {isa = PBXBuildFile; fileRef = 5B6AAB4D17BE6B6E0086A510 /* PublishSensorValues.m */; };
		5B6AAB5817BE6B6E0086A510 /* RegisterPublisher.m in Sources */ = {isa = PBXBuildFile; fileRef = 5B6AAB4F17BE6B6E0086A510 /* RegisterPublisher.m */; };
		5B6AAB5917BE6B6E0086A510 /* RegisterReceiver.m in Sources */ = {isa = PBXBuildFile; fileRef = 5B6AAB5117BE6B6E0086A510 /* RegisterReceiver.m */; };
		5B6AAB5A17BE6B6E0086A510 /* RemovePublisher.m in Sources */ = {isa = PBXBuildFile; fileRef = 5B6AAB5317BE6B6E0086A510 /* RemovePublisher.m */; };
		5B6AAB5B17BE6B6E0086A510 /* RemoveReceiver.m in Sources */ = {isa = PBXBuildFile; fileRef = 5B6AAB5517BE6B6E0086A510 /* RemoveReceiver.m */; };
		5BFEA37517BA693200C7914D /* Cocoa.framework in Frameworks */ = {isa = PBXBuildFile; fileRef = 5BFEA37417BA693200C7914D /* Cocoa.framework */; };
		5BFEA37F17BA693200C7914D /* InfoPlist.strings in Resources */ = {isa = PBXBuildFile; fileRef = 5BFEA37D17BA693200C7914D /* InfoPlist.strings */; };
		5BFEA38117BA693200C7914D /* main.m in Sources */ = {isa = PBXBuildFile; fileRef = 5BFEA38017BA693200C7914D /* main.m */; };
		5BFEA38517BA693200C7914D /* Credits.rtf in Resources */ = {isa = PBXBuildFile; fileRef = 5BFEA38317BA693200C7914D /* Credits.rtf */; };
		5BFEA38817BA693200C7914D /* AppDelegate.m in Sources */ = {isa = PBXBuildFile; fileRef = 5BFEA38717BA693200C7914D /* AppDelegate.m */; };
		5BFEA38B17BA693200C7914D /* MainMenu.xib in Resources */ = {isa = PBXBuildFile; fileRef = 5BFEA38917BA693200C7914D /* MainMenu.xib */; };
		5BFEA39417BA8F4600C7914D /* Settings.plist in Resources */ = {isa = PBXBuildFile; fileRef = 5BFEA39317BA8F4600C7914D /* Settings.plist */; };
		5BFEA39717BA900D00C7914D /* RefreshTimer.m in Sources */ = {isa = PBXBuildFile; fileRef = 5BFEA39617BA900D00C7914D /* RefreshTimer.m */; };
		5BFEA39B17BA959C00C7914D /* TempValueCalculator.m in Sources */ = {isa = PBXBuildFile; fileRef = 5BFEA39A17BA959C00C7914D /* TempValueCalculator.m */; };
/* End PBXBuildFile section */

/* Begin PBXFileReference section */
		5B1189B517BF5DFB00CACF5A /* Settings.plist.example */ = {isa = PBXFileReference; fileEncoding = 4; lastKnownFileType = text.xml; path = Settings.plist.example; sourceTree = "<group>"; };
		5B1189B717C0AF0700CACF5A /* SensorValue.h */ = {isa = PBXFileReference; fileEncoding = 4; lastKnownFileType = sourcecode.c.h; path = SensorValue.h; sourceTree = "<group>"; };
		5B1189B817C0AF0700CACF5A /* SensorValue.m */ = {isa = PBXFileReference; fileEncoding = 4; lastKnownFileType = sourcecode.c.objc; path = SensorValue.m; sourceTree = "<group>"; };
		5B1189BA17C12AC900CACF5A /* MXi.framework */ = {isa = PBXFileReference; lastKnownFileType = wrapper.framework; name = MXi.framework; path = "../../../../Library/Developer/Xcode/DerivedData/ACDSenseWorkspace-frdhqldyuzdizvcnvnpsartakqci/Build/Products/Debug/MXi.framework"; sourceTree = "<group>"; };
		5B1A01E517BE7A6900CC7011 /* LogFileWriter.h */ = {isa = PBXFileReference; fileEncoding = 4; lastKnownFileType = sourcecode.c.h; path = LogFileWriter.h; sourceTree = "<group>"; };
		5B1A01E617BE7A6900CC7011 /* LogFileWriter.m */ = {isa = PBXFileReference; fileEncoding = 4; lastKnownFileType = sourcecode.c.objc; path = LogFileWriter.m; sourceTree = "<group>"; };
		5B6AAB4A17BE6B6E0086A510 /* DelegateSensorValues.h */ = {isa = PBXFileReference; fileEncoding = 4; lastKnownFileType = sourcecode.c.h; path = DelegateSensorValues.h; sourceTree = "<group>"; };
		5B6AAB4B17BE6B6E0086A510 /* DelegateSensorValues.m */ = {isa = PBXFileReference; fileEncoding = 4; lastKnownFileType = sourcecode.c.objc; path = DelegateSensorValues.m; sourceTree = "<group>"; };
		5B6AAB4C17BE6B6E0086A510 /* PublishSensorValues.h */ = {isa = PBXFileReference; fileEncoding = 4; lastKnownFileType = sourcecode.c.h; path = PublishSensorValues.h; sourceTree = "<group>"; };
		5B6AAB4D17BE6B6E0086A510 /* PublishSensorValues.m */ = {isa = PBXFileReference; fileEncoding = 4; lastKnownFileType = sourcecode.c.objc; path = PublishSensorValues.m; sourceTree = "<group>"; };
		5B6AAB4E17BE6B6E0086A510 /* RegisterPublisher.h */ = {isa = PBXFileReference; fileEncoding = 4; lastKnownFileType = sourcecode.c.h; path = RegisterPublisher.h; sourceTree = "<group>"; };
		5B6AAB4F17BE6B6E0086A510 /* RegisterPublisher.m */ = {isa = PBXFileReference; fileEncoding = 4; lastKnownFileType = sourcecode.c.objc; path = RegisterPublisher.m; sourceTree = "<group>"; };
		5B6AAB5017BE6B6E0086A510 /* RegisterReceiver.h */ = {isa = PBXFileReference; fileEncoding = 4; lastKnownFileType = sourcecode.c.h; path = RegisterReceiver.h; sourceTree = "<group>"; };
		5B6AAB5117BE6B6E0086A510 /* RegisterReceiver.m */ = {isa = PBXFileReference; fileEncoding = 4; lastKnownFileType = sourcecode.c.objc; path = RegisterReceiver.m; sourceTree = "<group>"; };
		5B6AAB5217BE6B6E0086A510 /* RemovePublisher.h */ = {isa = PBXFileReference; fileEncoding = 4; lastKnownFileType = sourcecode.c.h; path = RemovePublisher.h; sourceTree = "<group>"; };
		5B6AAB5317BE6B6E0086A510 /* RemovePublisher.m */ = {isa = PBXFileReference; fileEncoding = 4; lastKnownFileType = sourcecode.c.objc; path = RemovePublisher.m; sourceTree = "<group>"; };
		5B6AAB5417BE6B6E0086A510 /* RemoveReceiver.h */ = {isa = PBXFileReference; fileEncoding = 4; lastKnownFileType = sourcecode.c.h; path = RemoveReceiver.h; sourceTree = "<group>"; };
		5B6AAB5517BE6B6E0086A510 /* RemoveReceiver.m */ = {isa = PBXFileReference; fileEncoding = 4; lastKnownFileType = sourcecode.c.objc; path = RemoveReceiver.m; sourceTree = "<group>"; };
		5BFEA37117BA693200C7914D /* DataGenerator.app */ = {isa = PBXFileReference; explicitFileType = wrapper.application; includeInIndex = 0; path = DataGenerator.app; sourceTree = BUILT_PRODUCTS_DIR; };
		5BFEA37417BA693200C7914D /* Cocoa.framework */ = {isa = PBXFileReference; lastKnownFileType = wrapper.framework; name = Cocoa.framework; path = System/Library/Frameworks/Cocoa.framework; sourceTree = SDKROOT; };
		5BFEA37717BA693200C7914D /* AppKit.framework */ = {isa = PBXFileReference; lastKnownFileType = wrapper.framework; name = AppKit.framework; path = System/Library/Frameworks/AppKit.framework; sourceTree = SDKROOT; };
		5BFEA37817BA693200C7914D /* CoreData.framework */ = {isa = PBXFileReference; lastKnownFileType = wrapper.framework; name = CoreData.framework; path = System/Library/Frameworks/CoreData.framework; sourceTree = SDKROOT; };
		5BFEA37917BA693200C7914D /* Foundation.framework */ = {isa = PBXFileReference; lastKnownFileType = wrapper.framework; name = Foundation.framework; path = System/Library/Frameworks/Foundation.framework; sourceTree = SDKROOT; };
		5BFEA37C17BA693200C7914D /* DataGenerator-Info.plist */ = {isa = PBXFileReference; lastKnownFileType = text.plist.xml; path = "DataGenerator-Info.plist"; sourceTree = "<group>"; };
		5BFEA37E17BA693200C7914D /* en */ = {isa = PBXFileReference; lastKnownFileType = text.plist.strings; name = en; path = en.lproj/InfoPlist.strings; sourceTree = "<group>"; };
		5BFEA38017BA693200C7914D /* main.m */ = {isa = PBXFileReference; lastKnownFileType = sourcecode.c.objc; path = main.m; sourceTree = "<group>"; };
		5BFEA38217BA693200C7914D /* DataGenerator-Prefix.pch */ = {isa = PBXFileReference; lastKnownFileType = sourcecode.c.h; path = "DataGenerator-Prefix.pch"; sourceTree = "<group>"; };
		5BFEA38417BA693200C7914D /* en */ = {isa = PBXFileReference; lastKnownFileType = text.rtf; name = en; path = en.lproj/Credits.rtf; sourceTree = "<group>"; };
		5BFEA38617BA693200C7914D /* AppDelegate.h */ = {isa = PBXFileReference; lastKnownFileType = sourcecode.c.h; path = AppDelegate.h; sourceTree = "<group>"; };
		5BFEA38717BA693200C7914D /* AppDelegate.m */ = {isa = PBXFileReference; lastKnownFileType = sourcecode.c.objc; path = AppDelegate.m; sourceTree = "<group>"; };
		5BFEA38A17BA693200C7914D /* en */ = {isa = PBXFileReference; lastKnownFileType = file.xib; name = en; path = en.lproj/MainMenu.xib; sourceTree = "<group>"; };
		5BFEA39317BA8F4600C7914D /* Settings.plist */ = {isa = PBXFileReference; fileEncoding = 4; lastKnownFileType = text.plist.xml; path = Settings.plist; sourceTree = "<group>"; };
		5BFEA39517BA900D00C7914D /* RefreshTimer.h */ = {isa = PBXFileReference; fileEncoding = 4; lastKnownFileType = sourcecode.c.h; path = RefreshTimer.h; sourceTree = "<group>"; };
		5BFEA39617BA900D00C7914D /* RefreshTimer.m */ = {isa = PBXFileReference; fileEncoding = 4; lastKnownFileType = sourcecode.c.objc; path = RefreshTimer.m; sourceTree = "<group>"; };
		5BFEA39917BA959B00C7914D /* TempValueCalculator.h */ = {isa = PBXFileReference; fileEncoding = 4; lastKnownFileType = sourcecode.c.h; path = TempValueCalculator.h; sourceTree = "<group>"; };
		5BFEA39A17BA959C00C7914D /* TempValueCalculator.m */ = {isa = PBXFileReference; fileEncoding = 4; lastKnownFileType = sourcecode.c.objc; path = TempValueCalculator.m; sourceTree = "<group>"; };
/* End PBXFileReference section */

/* Begin PBXFrameworksBuildPhase section */
		5BFEA36E17BA693200C7914D /* Frameworks */ = {
			isa = PBXFrameworksBuildPhase;
			buildActionMask = 2147483647;
			files = (
				5B1189BC17C12FC000CACF5A /* MXi.framework in Frameworks */,
				5BFEA37517BA693200C7914D /* Cocoa.framework in Frameworks */,
			);
			runOnlyForDeploymentPostprocessing = 0;
		};
/* End PBXFrameworksBuildPhase section */

/* Begin PBXGroup section */
		5B1A01E817BE860200CC7011 /* Incoming */ = {
			isa = PBXGroup;
			children = (
				5B6AAB4A17BE6B6E0086A510 /* DelegateSensorValues.h */,
				5B6AAB4B17BE6B6E0086A510 /* DelegateSensorValues.m */,
			);
			name = Incoming;
			sourceTree = "<group>";
		};
		5B1A01E917BE860E00CC7011 /* Outgoing */ = {
			isa = PBXGroup;
			children = (
				5B6AAB4C17BE6B6E0086A510 /* PublishSensorValues.h */,
				5B6AAB4D17BE6B6E0086A510 /* PublishSensorValues.m */,
				5B6AAB4E17BE6B6E0086A510 /* RegisterPublisher.h */,
				5B6AAB4F17BE6B6E0086A510 /* RegisterPublisher.m */,
				5B6AAB5017BE6B6E0086A510 /* RegisterReceiver.h */,
				5B6AAB5117BE6B6E0086A510 /* RegisterReceiver.m */,
				5B6AAB5217BE6B6E0086A510 /* RemovePublisher.h */,
				5B6AAB5317BE6B6E0086A510 /* RemovePublisher.m */,
				5B6AAB5417BE6B6E0086A510 /* RemoveReceiver.h */,
				5B6AAB5517BE6B6E0086A510 /* RemoveReceiver.m */,
			);
			name = Outgoing;
			sourceTree = "<group>";
		};
		5B6AAB4917BE6B510086A510 /* Beans */ = {
			isa = PBXGroup;
			children = (
				5B1A01E917BE860E00CC7011 /* Outgoing */,
				5B1A01E817BE860200CC7011 /* Incoming */,
			);
			name = Beans;
			sourceTree = "<group>";
		};
		5BFEA36817BA693200C7914D = {
			isa = PBXGroup;
			children = (
				5BFEA37A17BA693200C7914D /* DataGenerator */,
				5BFEA37317BA693200C7914D /* Frameworks */,
				5BFEA37217BA693200C7914D /* Products */,
			);
			sourceTree = "<group>";
		};
		5BFEA37217BA693200C7914D /* Products */ = {
			isa = PBXGroup;
			children = (
				5BFEA37117BA693200C7914D /* DataGenerator.app */,
			);
			name = Products;
			sourceTree = "<group>";
		};
		5BFEA37317BA693200C7914D /* Frameworks */ = {
			isa = PBXGroup;
			children = (
				5B1189BA17C12AC900CACF5A /* MXi.framework */,
				5BFEA37417BA693200C7914D /* Cocoa.framework */,
				5BFEA37617BA693200C7914D /* Other Frameworks */,
			);
			name = Frameworks;
			sourceTree = "<group>";
		};
		5BFEA37617BA693200C7914D /* Other Frameworks */ = {
			isa = PBXGroup;
			children = (
				5BFEA37717BA693200C7914D /* AppKit.framework */,
				5BFEA37817BA693200C7914D /* CoreData.framework */,
				5BFEA37917BA693200C7914D /* Foundation.framework */,
			);
			name = "Other Frameworks";
			sourceTree = "<group>";
		};
		5BFEA37A17BA693200C7914D /* DataGenerator */ = {
			isa = PBXGroup;
			children = (
				5B6AAB4917BE6B510086A510 /* Beans */,
				5BFEA38617BA693200C7914D /* AppDelegate.h */,
				5BFEA38717BA693200C7914D /* AppDelegate.m */,
				5BFEA38917BA693200C7914D /* MainMenu.xib */,
				5BFEA37B17BA693200C7914D /* Supporting Files */,
				5BFEA39517BA900D00C7914D /* RefreshTimer.h */,
				5BFEA39617BA900D00C7914D /* RefreshTimer.m */,
				5BFEA39917BA959B00C7914D /* TempValueCalculator.h */,
				5BFEA39A17BA959C00C7914D /* TempValueCalculator.m */,
				5B1A01E517BE7A6900CC7011 /* LogFileWriter.h */,
				5B1A01E617BE7A6900CC7011 /* LogFileWriter.m */,
				5B1189B717C0AF0700CACF5A /* SensorValue.h */,
				5B1189B817C0AF0700CACF5A /* SensorValue.m */,
			);
			path = DataGenerator;
			sourceTree = "<group>";
		};
		5BFEA37B17BA693200C7914D /* Supporting Files */ = {
			isa = PBXGroup;
			children = (
				5B1189B517BF5DFB00CACF5A /* Settings.plist.example */,
				5BFEA37C17BA693200C7914D /* DataGenerator-Info.plist */,
				5BFEA37D17BA693200C7914D /* InfoPlist.strings */,
				5BFEA38017BA693200C7914D /* main.m */,
				5BFEA38217BA693200C7914D /* DataGenerator-Prefix.pch */,
				5BFEA38317BA693200C7914D /* Credits.rtf */,
				5BFEA39317BA8F4600C7914D /* Settings.plist */,
			);
			name = "Supporting Files";
			sourceTree = "<group>";
		};
/* End PBXGroup section */

/* Begin PBXNativeTarget section */
		5BFEA37017BA693200C7914D /* DataGenerator */ = {
			isa = PBXNativeTarget;
			buildConfigurationList = 5BFEA38E17BA693200C7914D /* Build configuration list for PBXNativeTarget "DataGenerator" */;
			buildPhases = (
				5BFEA36D17BA693200C7914D /* Sources */,
				5BFEA36E17BA693200C7914D /* Frameworks */,
				5BFEA36F17BA693200C7914D /* Resources */,
			);
			buildRules = (
			);
			dependencies = (
			);
			name = DataGenerator;
			productName = DataGenerator;
			productReference = 5BFEA37117BA693200C7914D /* DataGenerator.app */;
			productType = "com.apple.product-type.application";
		};
/* End PBXNativeTarget section */

/* Begin PBXProject section */
		5BFEA36917BA693200C7914D /* Project object */ = {
			isa = PBXProject;
			attributes = {
				LastUpgradeCheck = 0460;
				ORGANIZATIONNAME = "Technische Universität Dresden";
			};
			buildConfigurationList = 5BFEA36C17BA693200C7914D /* Build configuration list for PBXProject "DataGenerator" */;
			compatibilityVersion = "Xcode 3.2";
			developmentRegion = English;
			hasScannedForEncodings = 0;
			knownRegions = (
				en,
			);
			mainGroup = 5BFEA36817BA693200C7914D;
			productRefGroup = 5BFEA37217BA693200C7914D /* Products */;
			projectDirPath = "";
			projectRoot = "";
			targets = (
				5BFEA37017BA693200C7914D /* DataGenerator */,
			);
		};
/* End PBXProject section */

/* Begin PBXResourcesBuildPhase section */
		5BFEA36F17BA693200C7914D /* Resources */ = {
			isa = PBXResourcesBuildPhase;
			buildActionMask = 2147483647;
			files = (
				5BFEA37F17BA693200C7914D /* InfoPlist.strings in Resources */,
				5BFEA38517BA693200C7914D /* Credits.rtf in Resources */,
				5BFEA38B17BA693200C7914D /* MainMenu.xib in Resources */,
				5BFEA39417BA8F4600C7914D /* Settings.plist in Resources */,
			);
			runOnlyForDeploymentPostprocessing = 0;
		};
/* End PBXResourcesBuildPhase section */

/* Begin PBXSourcesBuildPhase section */
		5BFEA36D17BA693200C7914D /* Sources */ = {
			isa = PBXSourcesBuildPhase;
			buildActionMask = 2147483647;
			files = (
				5BFEA38117BA693200C7914D /* main.m in Sources */,
				5BFEA38817BA693200C7914D /* AppDelegate.m in Sources */,
				5BFEA39717BA900D00C7914D /* RefreshTimer.m in Sources */,
				5BFEA39B17BA959C00C7914D /* TempValueCalculator.m in Sources */,
				5B6AAB5617BE6B6E0086A510 /* DelegateSensorValues.m in Sources */,
				5B6AAB5717BE6B6E0086A510 /* PublishSensorValues.m in Sources */,
				5B6AAB5817BE6B6E0086A510 /* RegisterPublisher.m in Sources */,
				5B6AAB5917BE6B6E0086A510 /* RegisterReceiver.m in Sources */,
				5B6AAB5A17BE6B6E0086A510 /* RemovePublisher.m in Sources */,
				5B6AAB5B17BE6B6E0086A510 /* RemoveReceiver.m in Sources */,
				5B1A01E717BE7A6900CC7011 /* LogFileWriter.m in Sources */,
				5B1189B917C0AF0700CACF5A /* SensorValue.m in Sources */,
			);
			runOnlyForDeploymentPostprocessing = 0;
		};
/* End PBXSourcesBuildPhase section */

/* Begin PBXVariantGroup section */
		5BFEA37D17BA693200C7914D /* InfoPlist.strings */ = {
			isa = PBXVariantGroup;
			children = (
				5BFEA37E17BA693200C7914D /* en */,
			);
			name = InfoPlist.strings;
			sourceTree = "<group>";
		};
		5BFEA38317BA693200C7914D /* Credits.rtf */ = {
			isa = PBXVariantGroup;
			children = (
				5BFEA38417BA693200C7914D /* en */,
			);
			name = Credits.rtf;
			sourceTree = "<group>";
		};
		5BFEA38917BA693200C7914D /* MainMenu.xib */ = {
			isa = PBXVariantGroup;
			children = (
				5BFEA38A17BA693200C7914D /* en */,
			);
			name = MainMenu.xib;
			sourceTree = "<group>";
		};
/* End PBXVariantGroup section */

/* Begin XCBuildConfiguration section */
		5BFEA38C17BA693200C7914D /* Debug */ = {
			isa = XCBuildConfiguration;
			buildSettings = {
				ALWAYS_SEARCH_USER_PATHS = NO;
				ARCHS = "$(ARCHS_STANDARD_64_BIT)";
				CLANG_CXX_LANGUAGE_STANDARD = "gnu++0x";
				CLANG_CXX_LIBRARY = "libc++";
				CLANG_ENABLE_OBJC_ARC = YES;
				CLANG_WARN_CONSTANT_CONVERSION = YES;
				CLANG_WARN_EMPTY_BODY = YES;
				CLANG_WARN_ENUM_CONVERSION = YES;
				CLANG_WARN_INT_CONVERSION = YES;
				CLANG_WARN__DUPLICATE_METHOD_MATCH = YES;
				COPY_PHASE_STRIP = NO;
				GCC_C_LANGUAGE_STANDARD = gnu99;
				GCC_DYNAMIC_NO_PIC = NO;
				GCC_ENABLE_OBJC_EXCEPTIONS = YES;
				GCC_OPTIMIZATION_LEVEL = 0;
				GCC_PREPROCESSOR_DEFINITIONS = (
					"DEBUG=1",
					"$(inherited)",
				);
				GCC_SYMBOLS_PRIVATE_EXTERN = NO;
				GCC_WARN_64_TO_32_BIT_CONVERSION = YES;
				GCC_WARN_ABOUT_RETURN_TYPE = YES;
				GCC_WARN_UNINITIALIZED_AUTOS = YES;
				GCC_WARN_UNUSED_VARIABLE = YES;
				MACOSX_DEPLOYMENT_TARGET = 10.8;
				ONLY_ACTIVE_ARCH = YES;
				SDKROOT = macosx;
			};
			name = Debug;
		};
		5BFEA38D17BA693200C7914D /* Release */ = {
			isa = XCBuildConfiguration;
			buildSettings = {
				ALWAYS_SEARCH_USER_PATHS = NO;
				ARCHS = "$(ARCHS_STANDARD_64_BIT)";
				CLANG_CXX_LANGUAGE_STANDARD = "gnu++0x";
				CLANG_CXX_LIBRARY = "libc++";
				CLANG_ENABLE_OBJC_ARC = YES;
				CLANG_WARN_CONSTANT_CONVERSION = YES;
				CLANG_WARN_EMPTY_BODY = YES;
				CLANG_WARN_ENUM_CONVERSION = YES;
				CLANG_WARN_INT_CONVERSION = YES;
				CLANG_WARN__DUPLICATE_METHOD_MATCH = YES;
				COPY_PHASE_STRIP = YES;
				DEBUG_INFORMATION_FORMAT = "dwarf-with-dsym";
				GCC_C_LANGUAGE_STANDARD = gnu99;
				GCC_ENABLE_OBJC_EXCEPTIONS = YES;
				GCC_WARN_64_TO_32_BIT_CONVERSION = YES;
				GCC_WARN_ABOUT_RETURN_TYPE = YES;
				GCC_WARN_UNINITIALIZED_AUTOS = YES;
				GCC_WARN_UNUSED_VARIABLE = YES;
				MACOSX_DEPLOYMENT_TARGET = 10.8;
				SDKROOT = macosx;
			};
			name = Release;
		};
		5BFEA38F17BA693200C7914D /* Debug */ = {
			isa = XCBuildConfiguration;
			buildSettings = {
				COMBINE_HIDPI_IMAGES = YES;
				FRAMEWORK_SEARCH_PATHS = (
					"$(inherited)",
					"\"$(SRCROOT)/../../../../Library/Developer/Xcode/DerivedData/ACDSenseWorkspace-frdhqldyuzdizvcnvnpsartakqci/Build/Products/Debug\"",
				);
				GCC_PRECOMPILE_PREFIX_HEADER = YES;
				GCC_PREFIX_HEADER = "DataGenerator/DataGenerator-Prefix.pch";
				INFOPLIST_FILE = "DataGenerator/DataGenerator-Info.plist";
				PRODUCT_NAME = "$(TARGET_NAME)";
				WRAPPER_EXTENSION = app;
			};
			name = Debug;
		};
		5BFEA39017BA693200C7914D /* Release */ = {
			isa = XCBuildConfiguration;
			buildSettings = {
				COMBINE_HIDPI_IMAGES = YES;
				FRAMEWORK_SEARCH_PATHS = (
					"$(inherited)",
					"\"$(SRCROOT)/../../../../Library/Developer/Xcode/DerivedData/ACDSenseWorkspace-frdhqldyuzdizvcnvnpsartakqci/Build/Products/Debug\"",
				);
				GCC_PRECOMPILE_PREFIX_HEADER = YES;
				GCC_PREFIX_HEADER = "DataGenerator/DataGenerator-Prefix.pch";
				INFOPLIST_FILE = "DataGenerator/DataGenerator-Info.plist";
				PRODUCT_NAME = "$(TARGET_NAME)";
				WRAPPER_EXTENSION = app;
			};
			name = Release;
		};
/* End XCBuildConfiguration section */

/* Begin XCConfigurationList section */
		5BFEA36C17BA693200C7914D /* Build configuration list for PBXProject "DataGenerator" */ = {
			isa = XCConfigurationList;
			buildConfigurations = (
				5BFEA38C17BA693200C7914D /* Debug */,
				5BFEA38D17BA693200C7914D /* Release */,
			);
			defaultConfigurationIsVisible = 0;
			defaultConfigurationName = Release;
		};
		5BFEA38E17BA693200C7914D /* Build configuration list for PBXNativeTarget "DataGenerator" */ = {
			isa = XCConfigurationList;
			buildConfigurations = (
				5BFEA38F17BA693200C7914D /* Debug */,
				5BFEA39017BA693200C7914D /* Release */,
			);
			defaultConfigurationIsVisible = 0;
			defaultConfigurationName = Release;
		};
/* End XCConfigurationList section */
	};
	rootObject = 5BFEA36917BA693200C7914D /* Project object */;
}
