PODS:
  - CocoaAsyncSocket (7.3.4)
  - CocoaLumberjack (1.6.5.1):
    - CocoaLumberjack/Core
    - CocoaLumberjack/Extensions
  - CocoaLumberjack/Core (1.6.5.1)
  - CocoaLumberjack/Extensions (1.6.5.1):
    - CocoaLumberjack/Core
  - CorePlot (1.4)
  - FXKeychain (1.5)
  - MobilisMXi (0.5.0):
    - FXKeychain
    - MobilisMXi/no_arc
    - XMPPFramework/Core
    - XMPPFramework/Reconnect
    - XMPPFramework/Roster
    - XMPPFramework/XEP-0045
  - MobilisMXi/no_arc (0.5.0):
    - FXKeychain
    - XMPPFramework/Core
    - XMPPFramework/Reconnect
    - XMPPFramework/Roster
    - XMPPFramework/XEP-0045
  - XMPPFramework/Authentication (3.6.1):
    - XMPPFramework/Core
  - XMPPFramework/Categories (3.6.1):
    - XMPPFramework/Core
  - XMPPFramework/Core (3.6.1):
    - CocoaAsyncSocket (~> 7.3.1)
    - CocoaLumberjack (~> 1.6.2)
    - XMPPFramework/Authentication
    - XMPPFramework/Categories
    - XMPPFramework/KissXML
    - XMPPFramework/Utilities
  - XMPPFramework/CoreDataStorage (3.6.1):
    - XMPPFramework/Core
  - XMPPFramework/KissXML (3.6.1):
    - XMPPFramework/Core
  - XMPPFramework/Reconnect (3.6.1):
    - XMPPFramework/Core
  - XMPPFramework/Roster (3.6.1):
    - XMPPFramework/Core
    - XMPPFramework/CoreDataStorage
    - XMPPFramework/XEP-0203
  - XMPPFramework/Utilities (3.6.1):
    - XMPPFramework/Core
  - XMPPFramework/XEP-0045 (3.6.1):
    - XMPPFramework/Core
    - XMPPFramework/CoreDataStorage
    - XMPPFramework/XEP-0203
  - XMPPFramework/XEP-0082 (3.6.1):
    - XMPPFramework/Core
  - XMPPFramework/XEP-0203 (3.6.1):
    - XMPPFramework/Core
    - XMPPFramework/XEP-0082

DEPENDENCIES:
  - CorePlot
  - MobilisMXi (from `/Users/cmdaltent/Development/Projects/Mobilis/Mobilis`)
  - XMPPFramework/Core (from `xmpp.podspec`)
  - XMPPFramework/Reconnect (from `xmpp.podspec`)
  - XMPPFramework/Roster (from `xmpp.podspec`)
  - XMPPFramework/XEP-0045 (from `xmpp.podspec`)

EXTERNAL SOURCES:
  MobilisMXi:
    :path: /Users/cmdaltent/Development/Projects/Mobilis/Mobilis
  XMPPFramework:
    :podspec: xmpp.podspec

SPEC CHECKSUMS:
  CocoaAsyncSocket: 534d09416f992fd51efb23f534742ce70b3a7999
  CocoaLumberjack: 17803afbade3126a377d32b8d23367264b44ced6
  CorePlot: 0c6cfe42f4cc458062dfd765d5b8f59a0d0fdddf
  FXKeychain: 90cc7bf9ba005e4d099a113a194792e7983c5778
  MobilisMXi: 94efe63b89ed81b119a4c7119791c0e981ea7b9a
  XMPPFramework: fde30bd10f0bd848e3572f858e3be230805f28f0

COCOAPODS: 0.29.0
